
Microsoft Visual Studio Solution File, Format Version 12.00
# Visual Studio 15
VisualStudioVersion = 15.0.27130.2026
MinimumVisualStudioVersion = 10.0.40219.1
Project("{FAE04EC0-301F-11D3-BF4B-00C04F79EFBC}") = "TemplateStudioUWP", "TemplateStudioUWP\TemplateStudioUWP.csproj", "{2C731C66-DE9E-461C-9923-063E354DF52A}"
EndProject
Project("{FAE04EC0-301F-11D3-BF4B-00C04F79EFBC}") = "ModelGraphUWP", "ModelGraphUWP\ModelGraphUWP.csproj", "{20EE62B0-4559-445F-8316-6E0221E70E9B}"
EndProject
Project("{9A19103F-16F7-4668-BE54-9A1E7A4F7556}") = "ModelGraphSTD", "ModelGraphSTD\ModelGraphSTD.csproj", "{19B96D9B-6F54-4E86-A23D-DE826B69B798}"
EndProject
Project("{FAE04EC0-301F-11D3-BF4B-00C04F79EFBC}") = "RepositoryUWP", "RepositoryUWP\RepositoryUWP.csproj", "{22214A1F-4025-45D1-969D-B88190D31BBA}"
EndProject
Project("{FAE04EC0-301F-11D3-BF4B-00C04F79EFBC}") = "UnitTest_ModelGraphSTD", "UnitTest_ModelGraphSTD\UnitTest_ModelGraphSTD.csproj", "{B1E57B9A-5BB8-4872-8467-DE1B2461E813}"
EndProject
Global
	GlobalSection(SolutionConfigurationPlatforms) = preSolution
		Debug|Any CPU = Debug|Any CPU
		Debug|ARM = Debug|ARM
		Debug|x64 = Debug|x64
		Debug|x86 = Debug|x86
		Release|Any CPU = Release|Any CPU
		Release|ARM = Release|ARM
		Release|x64 = Release|x64
		Release|x86 = Release|x86
	EndGlobalSection
	GlobalSection(ProjectConfigurationPlatforms) = postSolution
		{2C731C66-DE9E-461C-9923-063E354DF52A}.Debug|Any CPU.ActiveCfg = Debug|x86
		{2C731C66-DE9E-461C-9923-063E354DF52A}.Debug|ARM.ActiveCfg = Debug|ARM
		{2C731C66-DE9E-461C-9923-063E354DF52A}.Debug|ARM.Build.0 = Debug|ARM
		{2C731C66-DE9E-461C-9923-063E354DF52A}.Debug|ARM.Deploy.0 = Debug|ARM
		{2C731C66-DE9E-461C-9923-063E354DF52A}.Debug|x64.ActiveCfg = Debug|x64
		{2C731C66-DE9E-461C-9923-063E354DF52A}.Debug|x64.Build.0 = Debug|x64
		{2C731C66-DE9E-461C-9923-063E354DF52A}.Debug|x64.Deploy.0 = Debug|x64
		{2C731C66-DE9E-461C-9923-063E354DF52A}.Debug|x86.ActiveCfg = Debug|x86
		{2C731C66-DE9E-461C-9923-063E354DF52A}.Debug|x86.Build.0 = Debug|x86
		{2C731C66-DE9E-461C-9923-063E354DF52A}.Debug|x86.Deploy.0 = Debug|x86
		{2C731C66-DE9E-461C-9923-063E354DF52A}.Release|Any CPU.ActiveCfg = Release|x86
		{2C731C66-DE9E-461C-9923-063E354DF52A}.Release|ARM.ActiveCfg = Release|ARM
		{2C731C66-DE9E-461C-9923-063E354DF52A}.Release|ARM.Build.0 = Release|ARM
		{2C731C66-DE9E-461C-9923-063E354DF52A}.Release|ARM.Deploy.0 = Release|ARM
		{2C731C66-DE9E-461C-9923-063E354DF52A}.Release|x64.ActiveCfg = Release|x64
		{2C731C66-DE9E-461C-9923-063E354DF52A}.Release|x64.Build.0 = Release|x64
		{2C731C66-DE9E-461C-9923-063E354DF52A}.Release|x64.Deploy.0 = Release|x64
		{2C731C66-DE9E-461C-9923-063E354DF52A}.Release|x86.ActiveCfg = Release|x86
		{2C731C66-DE9E-461C-9923-063E354DF52A}.Release|x86.Build.0 = Release|x86
		{2C731C66-DE9E-461C-9923-063E354DF52A}.Release|x86.Deploy.0 = Release|x86
		{20EE62B0-4559-445F-8316-6E0221E70E9B}.Debug|Any CPU.ActiveCfg = Debug|x86
		{20EE62B0-4559-445F-8316-6E0221E70E9B}.Debug|Any CPU.Deploy.0 = Debug|x86
		{20EE62B0-4559-445F-8316-6E0221E70E9B}.Debug|ARM.ActiveCfg = Debug|ARM
		{20EE62B0-4559-445F-8316-6E0221E70E9B}.Debug|ARM.Build.0 = Debug|ARM
		{20EE62B0-4559-445F-8316-6E0221E70E9B}.Debug|ARM.Deploy.0 = Debug|ARM
		{20EE62B0-4559-445F-8316-6E0221E70E9B}.Debug|x64.ActiveCfg = Debug|x64
		{20EE62B0-4559-445F-8316-6E0221E70E9B}.Debug|x64.Build.0 = Debug|x64
		{20EE62B0-4559-445F-8316-6E0221E70E9B}.Debug|x64.Deploy.0 = Debug|x64
		{20EE62B0-4559-445F-8316-6E0221E70E9B}.Debug|x86.ActiveCfg = Debug|x86
		{20EE62B0-4559-445F-8316-6E0221E70E9B}.Debug|x86.Build.0 = Debug|x86
		{20EE62B0-4559-445F-8316-6E0221E70E9B}.Debug|x86.Deploy.0 = Debug|x86
		{20EE62B0-4559-445F-8316-6E0221E70E9B}.Release|Any CPU.ActiveCfg = Release|x86
		{20EE62B0-4559-445F-8316-6E0221E70E9B}.Release|ARM.ActiveCfg = Release|ARM
		{20EE62B0-4559-445F-8316-6E0221E70E9B}.Release|ARM.Build.0 = Release|ARM
		{20EE62B0-4559-445F-8316-6E0221E70E9B}.Release|ARM.Deploy.0 = Release|ARM
		{20EE62B0-4559-445F-8316-6E0221E70E9B}.Release|x64.ActiveCfg = Release|x64
		{20EE62B0-4559-445F-8316-6E0221E70E9B}.Release|x64.Build.0 = Release|x64
		{20EE62B0-4559-445F-8316-6E0221E70E9B}.Release|x64.Deploy.0 = Release|x64
		{20EE62B0-4559-445F-8316-6E0221E70E9B}.Release|x86.ActiveCfg = Release|x86
		{20EE62B0-4559-445F-8316-6E0221E70E9B}.Release|x86.Build.0 = Release|x86
		{20EE62B0-4559-445F-8316-6E0221E70E9B}.Release|x86.Deploy.0 = Release|x86
		{19B96D9B-6F54-4E86-A23D-DE826B69B798}.Debug|Any CPU.ActiveCfg = Debug|Any CPU
		{19B96D9B-6F54-4E86-A23D-DE826B69B798}.Debug|Any CPU.Build.0 = Debug|Any CPU
		{19B96D9B-6F54-4E86-A23D-DE826B69B798}.Debug|ARM.ActiveCfg = Debug|Any CPU
		{19B96D9B-6F54-4E86-A23D-DE826B69B798}.Debug|ARM.Build.0 = Debug|Any CPU
		{19B96D9B-6F54-4E86-A23D-DE826B69B798}.Debug|x64.ActiveCfg = Debug|Any CPU
		{19B96D9B-6F54-4E86-A23D-DE826B69B798}.Debug|x64.Build.0 = Debug|Any CPU
		{19B96D9B-6F54-4E86-A23D-DE826B69B798}.Debug|x86.ActiveCfg = Debug|Any CPU
		{19B96D9B-6F54-4E86-A23D-DE826B69B798}.Debug|x86.Build.0 = Debug|Any CPU
		{19B96D9B-6F54-4E86-A23D-DE826B69B798}.Release|Any CPU.ActiveCfg = Release|Any CPU
		{19B96D9B-6F54-4E86-A23D-DE826B69B798}.Release|Any CPU.Build.0 = Release|Any CPU
		{19B96D9B-6F54-4E86-A23D-DE826B69B798}.Release|ARM.ActiveCfg = Release|Any CPU
		{19B96D9B-6F54-4E86-A23D-DE826B69B798}.Release|ARM.Build.0 = Release|Any CPU
		{19B96D9B-6F54-4E86-A23D-DE826B69B798}.Release|x64.ActiveCfg = Release|Any CPU
		{19B96D9B-6F54-4E86-A23D-DE826B69B798}.Release|x64.Build.0 = Release|Any CPU
		{19B96D9B-6F54-4E86-A23D-DE826B69B798}.Release|x86.ActiveCfg = Release|Any CPU
		{19B96D9B-6F54-4E86-A23D-DE826B69B798}.Release|x86.Build.0 = Release|Any CPU
		{22214A1F-4025-45D1-969D-B88190D31BBA}.Debug|Any CPU.ActiveCfg = Debug|Any CPU
		{22214A1F-4025-45D1-969D-B88190D31BBA}.Debug|Any CPU.Build.0 = Debug|Any CPU
		{22214A1F-4025-45D1-969D-B88190D31BBA}.Debug|ARM.ActiveCfg = Debug|ARM
		{22214A1F-4025-45D1-969D-B88190D31BBA}.Debug|ARM.Build.0 = Debug|ARM
		{22214A1F-4025-45D1-969D-B88190D31BBA}.Debug|x64.ActiveCfg = Debug|x64
		{22214A1F-4025-45D1-969D-B88190D31BBA}.Debug|x64.Build.0 = Debug|x64
		{22214A1F-4025-45D1-969D-B88190D31BBA}.Debug|x86.ActiveCfg = Debug|x86
		{22214A1F-4025-45D1-969D-B88190D31BBA}.Debug|x86.Build.0 = Debug|x86
		{22214A1F-4025-45D1-969D-B88190D31BBA}.Release|Any CPU.ActiveCfg = Release|Any CPU
		{22214A1F-4025-45D1-969D-B88190D31BBA}.Release|Any CPU.Build.0 = Release|Any CPU
		{22214A1F-4025-45D1-969D-B88190D31BBA}.Release|ARM.ActiveCfg = Release|ARM
		{22214A1F-4025-45D1-969D-B88190D31BBA}.Release|ARM.Build.0 = Release|ARM
		{22214A1F-4025-45D1-969D-B88190D31BBA}.Release|x64.ActiveCfg = Release|x64
		{22214A1F-4025-45D1-969D-B88190D31BBA}.Release|x64.Build.0 = Release|x64
		{22214A1F-4025-45D1-969D-B88190D31BBA}.Release|x86.ActiveCfg = Release|x86
		{22214A1F-4025-45D1-969D-B88190D31BBA}.Release|x86.Build.0 = Release|x86
		{B1E57B9A-5BB8-4872-8467-DE1B2461E813}.Debug|Any CPU.ActiveCfg = Debug|Any CPU
		{B1E57B9A-5BB8-4872-8467-DE1B2461E813}.Debug|Any CPU.Build.0 = Debug|Any CPU
		{B1E57B9A-5BB8-4872-8467-DE1B2461E813}.Debug|ARM.ActiveCfg = Debug|Any CPU
		{B1E57B9A-5BB8-4872-8467-DE1B2461E813}.Debug|ARM.Build.0 = Debug|Any CPU
		{B1E57B9A-5BB8-4872-8467-DE1B2461E813}.Debug|x64.ActiveCfg = Debug|Any CPU
		{B1E57B9A-5BB8-4872-8467-DE1B2461E813}.Debug|x64.Build.0 = Debug|Any CPU
		{B1E57B9A-5BB8-4872-8467-DE1B2461E813}.Debug|x86.ActiveCfg = Debug|Any CPU
		{B1E57B9A-5BB8-4872-8467-DE1B2461E813}.Debug|x86.Build.0 = Debug|Any CPU
		{B1E57B9A-5BB8-4872-8467-DE1B2461E813}.Release|Any CPU.ActiveCfg = Release|Any CPU
		{B1E57B9A-5BB8-4872-8467-DE1B2461E813}.Release|Any CPU.Build.0 = Release|Any CPU
		{B1E57B9A-5BB8-4872-8467-DE1B2461E813}.Release|ARM.ActiveCfg = Release|Any CPU
		{B1E57B9A-5BB8-4872-8467-DE1B2461E813}.Release|ARM.Build.0 = Release|Any CPU
		{B1E57B9A-5BB8-4872-8467-DE1B2461E813}.Release|x64.ActiveCfg = Release|Any CPU
		{B1E57B9A-5BB8-4872-8467-DE1B2461E813}.Release|x64.Build.0 = Release|Any CPU
		{B1E57B9A-5BB8-4872-8467-DE1B2461E813}.Release|x86.ActiveCfg = Release|Any CPU
		{B1E57B9A-5BB8-4872-8467-DE1B2461E813}.Release|x86.Build.0 = Release|Any CPU
	EndGlobalSection
	GlobalSection(SolutionProperties) = preSolution
		HideSolutionNode = FALSE
	EndGlobalSection
	GlobalSection(ExtensibilityGlobals) = postSolution
		SolutionGuid = {BFDE5012-FDF0-4A43-BD45-A5B1021B44D4}
	EndGlobalSection
EndGlobal
