
Microsoft Visual Studio Solution File, Format Version 12.00
# Visual Studio 15
VisualStudioVersion = 15.0.27130.2026
MinimumVisualStudioVersion = 10.0.40219.1
Project("{FAE04EC0-301F-11D3-BF4B-00C04F79EFBC}") = "ModelGraph", "ModelGraph\ModelGraph.csproj", "{2CB02992-E9F6-4D1B-84B8-19B48B433B8A}"
EndProject
Project("{9A19103F-16F7-4668-BE54-9A1E7A4F7556}") = "ModelGraphSTD", "ModelGraphLibrary\ModelGraphSTD.csproj", "{25E0A552-01B0-4A2F-8DE3-10E79AF12862}"
EndProject
Project("{FAE04EC0-301F-11D3-BF4B-00C04F79EFBC}") = "ModelGraphSTD_Test", "TestModelGraphLibrary\ModelGraphSTD_Test.csproj", "{085A4E51-6E0D-4B3E-98F3-223EADBB7C28}"
EndProject
Project("{FAE04EC0-301F-11D3-BF4B-00C04F79EFBC}") = "RepositoryUWP", "RepositoryStorageFile\RepositoryUWP.csproj", "{D47FC5F4-0439-492C-8730-6A652E1D1D3A}"
EndProject
Project("{FAE04EC0-301F-11D3-BF4B-00C04F79EFBC}") = "ModelGraphUWP", "ModelGraphUWP\ModelGraphUWP.csproj", "{F3FA84CE-7ECD-46A8-AEBF-988D5C78B82A}"
EndProject
Global
	GlobalSection(SolutionConfigurationPlatforms) = preSolution
		Debug|Any CPU = Debug|Any CPU
		Debug|ARM = Debug|ARM
		Debug|x64 = Debug|x64
		Debug|x86 = Debug|x86
		Release|Any CPU = Release|Any CPU
		Release|ARM = Release|ARM
		Release|x64 = Release|x64
		Release|x86 = Release|x86
	EndGlobalSection
	GlobalSection(ProjectConfigurationPlatforms) = postSolution
		{2CB02992-E9F6-4D1B-84B8-19B48B433B8A}.Debug|Any CPU.ActiveCfg = Debug|x86
		{2CB02992-E9F6-4D1B-84B8-19B48B433B8A}.Debug|ARM.ActiveCfg = Debug|ARM
		{2CB02992-E9F6-4D1B-84B8-19B48B433B8A}.Debug|ARM.Build.0 = Debug|ARM
		{2CB02992-E9F6-4D1B-84B8-19B48B433B8A}.Debug|ARM.Deploy.0 = Debug|ARM
		{2CB02992-E9F6-4D1B-84B8-19B48B433B8A}.Debug|x64.ActiveCfg = Debug|x64
		{2CB02992-E9F6-4D1B-84B8-19B48B433B8A}.Debug|x64.Build.0 = Debug|x64
		{2CB02992-E9F6-4D1B-84B8-19B48B433B8A}.Debug|x64.Deploy.0 = Debug|x64
		{2CB02992-E9F6-4D1B-84B8-19B48B433B8A}.Debug|x86.ActiveCfg = Debug|x86
		{2CB02992-E9F6-4D1B-84B8-19B48B433B8A}.Debug|x86.Build.0 = Debug|x86
		{2CB02992-E9F6-4D1B-84B8-19B48B433B8A}.Debug|x86.Deploy.0 = Debug|x86
		{2CB02992-E9F6-4D1B-84B8-19B48B433B8A}.Release|Any CPU.ActiveCfg = Release|x86
		{2CB02992-E9F6-4D1B-84B8-19B48B433B8A}.Release|ARM.ActiveCfg = Release|ARM
		{2CB02992-E9F6-4D1B-84B8-19B48B433B8A}.Release|ARM.Build.0 = Release|ARM
		{2CB02992-E9F6-4D1B-84B8-19B48B433B8A}.Release|ARM.Deploy.0 = Release|ARM
		{2CB02992-E9F6-4D1B-84B8-19B48B433B8A}.Release|x64.ActiveCfg = Release|x64
		{2CB02992-E9F6-4D1B-84B8-19B48B433B8A}.Release|x64.Build.0 = Release|x64
		{2CB02992-E9F6-4D1B-84B8-19B48B433B8A}.Release|x64.Deploy.0 = Release|x64
		{2CB02992-E9F6-4D1B-84B8-19B48B433B8A}.Release|x86.ActiveCfg = Release|x86
		{2CB02992-E9F6-4D1B-84B8-19B48B433B8A}.Release|x86.Build.0 = Release|x86
		{2CB02992-E9F6-4D1B-84B8-19B48B433B8A}.Release|x86.Deploy.0 = Release|x86
		{25E0A552-01B0-4A2F-8DE3-10E79AF12862}.Debug|Any CPU.ActiveCfg = Debug|Any CPU
		{25E0A552-01B0-4A2F-8DE3-10E79AF12862}.Debug|Any CPU.Build.0 = Debug|Any CPU
		{25E0A552-01B0-4A2F-8DE3-10E79AF12862}.Debug|ARM.ActiveCfg = Debug|Any CPU
		{25E0A552-01B0-4A2F-8DE3-10E79AF12862}.Debug|ARM.Build.0 = Debug|Any CPU
		{25E0A552-01B0-4A2F-8DE3-10E79AF12862}.Debug|x64.ActiveCfg = Debug|Any CPU
		{25E0A552-01B0-4A2F-8DE3-10E79AF12862}.Debug|x64.Build.0 = Debug|Any CPU
		{25E0A552-01B0-4A2F-8DE3-10E79AF12862}.Debug|x86.ActiveCfg = Debug|Any CPU
		{25E0A552-01B0-4A2F-8DE3-10E79AF12862}.Debug|x86.Build.0 = Debug|Any CPU
		{25E0A552-01B0-4A2F-8DE3-10E79AF12862}.Release|Any CPU.ActiveCfg = Release|Any CPU
		{25E0A552-01B0-4A2F-8DE3-10E79AF12862}.Release|Any CPU.Build.0 = Release|Any CPU
		{25E0A552-01B0-4A2F-8DE3-10E79AF12862}.Release|ARM.ActiveCfg = Release|Any CPU
		{25E0A552-01B0-4A2F-8DE3-10E79AF12862}.Release|ARM.Build.0 = Release|Any CPU
		{25E0A552-01B0-4A2F-8DE3-10E79AF12862}.Release|x64.ActiveCfg = Release|Any CPU
		{25E0A552-01B0-4A2F-8DE3-10E79AF12862}.Release|x64.Build.0 = Release|Any CPU
		{25E0A552-01B0-4A2F-8DE3-10E79AF12862}.Release|x86.ActiveCfg = Release|Any CPU
		{25E0A552-01B0-4A2F-8DE3-10E79AF12862}.Release|x86.Build.0 = Release|Any CPU
		{085A4E51-6E0D-4B3E-98F3-223EADBB7C28}.Debug|Any CPU.ActiveCfg = Debug|Any CPU
		{085A4E51-6E0D-4B3E-98F3-223EADBB7C28}.Debug|Any CPU.Build.0 = Debug|Any CPU
		{085A4E51-6E0D-4B3E-98F3-223EADBB7C28}.Debug|ARM.ActiveCfg = Debug|Any CPU
		{085A4E51-6E0D-4B3E-98F3-223EADBB7C28}.Debug|ARM.Build.0 = Debug|Any CPU
		{085A4E51-6E0D-4B3E-98F3-223EADBB7C28}.Debug|x64.ActiveCfg = Debug|Any CPU
		{085A4E51-6E0D-4B3E-98F3-223EADBB7C28}.Debug|x64.Build.0 = Debug|Any CPU
		{085A4E51-6E0D-4B3E-98F3-223EADBB7C28}.Debug|x86.ActiveCfg = Debug|Any CPU
		{085A4E51-6E0D-4B3E-98F3-223EADBB7C28}.Debug|x86.Build.0 = Debug|Any CPU
		{085A4E51-6E0D-4B3E-98F3-223EADBB7C28}.Release|Any CPU.ActiveCfg = Release|Any CPU
		{085A4E51-6E0D-4B3E-98F3-223EADBB7C28}.Release|Any CPU.Build.0 = Release|Any CPU
		{085A4E51-6E0D-4B3E-98F3-223EADBB7C28}.Release|ARM.ActiveCfg = Release|Any CPU
		{085A4E51-6E0D-4B3E-98F3-223EADBB7C28}.Release|ARM.Build.0 = Release|Any CPU
		{085A4E51-6E0D-4B3E-98F3-223EADBB7C28}.Release|x64.ActiveCfg = Release|Any CPU
		{085A4E51-6E0D-4B3E-98F3-223EADBB7C28}.Release|x64.Build.0 = Release|Any CPU
		{085A4E51-6E0D-4B3E-98F3-223EADBB7C28}.Release|x86.ActiveCfg = Release|Any CPU
		{085A4E51-6E0D-4B3E-98F3-223EADBB7C28}.Release|x86.Build.0 = Release|Any CPU
		{D47FC5F4-0439-492C-8730-6A652E1D1D3A}.Debug|Any CPU.ActiveCfg = Debug|Any CPU
		{D47FC5F4-0439-492C-8730-6A652E1D1D3A}.Debug|Any CPU.Build.0 = Debug|Any CPU
		{D47FC5F4-0439-492C-8730-6A652E1D1D3A}.Debug|ARM.ActiveCfg = Debug|ARM
		{D47FC5F4-0439-492C-8730-6A652E1D1D3A}.Debug|ARM.Build.0 = Debug|ARM
		{D47FC5F4-0439-492C-8730-6A652E1D1D3A}.Debug|x64.ActiveCfg = Debug|x64
		{D47FC5F4-0439-492C-8730-6A652E1D1D3A}.Debug|x64.Build.0 = Debug|x64
		{D47FC5F4-0439-492C-8730-6A652E1D1D3A}.Debug|x86.ActiveCfg = Debug|x86
		{D47FC5F4-0439-492C-8730-6A652E1D1D3A}.Debug|x86.Build.0 = Debug|x86
		{D47FC5F4-0439-492C-8730-6A652E1D1D3A}.Release|Any CPU.ActiveCfg = Release|Any CPU
		{D47FC5F4-0439-492C-8730-6A652E1D1D3A}.Release|Any CPU.Build.0 = Release|Any CPU
		{D47FC5F4-0439-492C-8730-6A652E1D1D3A}.Release|ARM.ActiveCfg = Release|ARM
		{D47FC5F4-0439-492C-8730-6A652E1D1D3A}.Release|ARM.Build.0 = Release|ARM
		{D47FC5F4-0439-492C-8730-6A652E1D1D3A}.Release|x64.ActiveCfg = Release|x64
		{D47FC5F4-0439-492C-8730-6A652E1D1D3A}.Release|x64.Build.0 = Release|x64
		{D47FC5F4-0439-492C-8730-6A652E1D1D3A}.Release|x86.ActiveCfg = Release|x86
		{D47FC5F4-0439-492C-8730-6A652E1D1D3A}.Release|x86.Build.0 = Release|x86
		{F3FA84CE-7ECD-46A8-AEBF-988D5C78B82A}.Debug|Any CPU.ActiveCfg = Debug|x86
		{F3FA84CE-7ECD-46A8-AEBF-988D5C78B82A}.Debug|ARM.ActiveCfg = Debug|ARM
		{F3FA84CE-7ECD-46A8-AEBF-988D5C78B82A}.Debug|ARM.Build.0 = Debug|ARM
		{F3FA84CE-7ECD-46A8-AEBF-988D5C78B82A}.Debug|ARM.Deploy.0 = Debug|ARM
		{F3FA84CE-7ECD-46A8-AEBF-988D5C78B82A}.Debug|x64.ActiveCfg = Debug|x64
		{F3FA84CE-7ECD-46A8-AEBF-988D5C78B82A}.Debug|x64.Build.0 = Debug|x64
		{F3FA84CE-7ECD-46A8-AEBF-988D5C78B82A}.Debug|x64.Deploy.0 = Debug|x64
		{F3FA84CE-7ECD-46A8-AEBF-988D5C78B82A}.Debug|x86.ActiveCfg = Debug|x86
		{F3FA84CE-7ECD-46A8-AEBF-988D5C78B82A}.Debug|x86.Build.0 = Debug|x86
		{F3FA84CE-7ECD-46A8-AEBF-988D5C78B82A}.Debug|x86.Deploy.0 = Debug|x86
		{F3FA84CE-7ECD-46A8-AEBF-988D5C78B82A}.Release|Any CPU.ActiveCfg = Release|x86
		{F3FA84CE-7ECD-46A8-AEBF-988D5C78B82A}.Release|ARM.ActiveCfg = Release|ARM
		{F3FA84CE-7ECD-46A8-AEBF-988D5C78B82A}.Release|ARM.Build.0 = Release|ARM
		{F3FA84CE-7ECD-46A8-AEBF-988D5C78B82A}.Release|ARM.Deploy.0 = Release|ARM
		{F3FA84CE-7ECD-46A8-AEBF-988D5C78B82A}.Release|x64.ActiveCfg = Release|x64
		{F3FA84CE-7ECD-46A8-AEBF-988D5C78B82A}.Release|x64.Build.0 = Release|x64
		{F3FA84CE-7ECD-46A8-AEBF-988D5C78B82A}.Release|x64.Deploy.0 = Release|x64
		{F3FA84CE-7ECD-46A8-AEBF-988D5C78B82A}.Release|x86.ActiveCfg = Release|x86
		{F3FA84CE-7ECD-46A8-AEBF-988D5C78B82A}.Release|x86.Build.0 = Release|x86
		{F3FA84CE-7ECD-46A8-AEBF-988D5C78B82A}.Release|x86.Deploy.0 = Release|x86
	EndGlobalSection
	GlobalSection(SolutionProperties) = preSolution
		HideSolutionNode = FALSE
	EndGlobalSection
	GlobalSection(ExtensibilityGlobals) = postSolution
		SolutionGuid = {BFDE5012-FDF0-4A43-BD45-A5B1021B44D4}
	EndGlobalSection
EndGlobal
